{
  "name": "dio-lab-open-source",
  "lockfileVersion": 3,
  "requires": true,
  "packages": {
    "": {
      "dependencies": {
        "badge-maker": "^3.3.1"
      }
    },
    "node_modules/anafanafo": {
      "version": "2.0.0",
      "resolved": "https://registry.npmjs.org/anafanafo/-/anafanafo-2.0.0.tgz",
      "integrity": "sha512-Nlfq7NC4AOkTJerWRIZcOAiMNtIDVIGWGvQ98O7Jl6Kr2Dk0dX5u4MqN778kSRTy5KRqchpLdF2RtLFEz9FVkQ==",
      "dependencies": {
        "char-width-table-consumer": "^1.0.0"
      }
    },
    "node_modules/badge-maker": {
      "version": "3.3.1",
      "resolved": "https://registry.npmjs.org/badge-maker/-/badge-maker-3.3.1.tgz",
      "integrity": "sha512-OO/PS7Zg2E6qaUWzHEHt21Q5VjcFBAJVA8ztgT/fIdSZFBUwoyeo0ZhA6V5tUM8Vcjq8DJl6jfGhpjESssyqMQ==",
      "dependencies": {
        "anafanafo": "2.0.0",
        "css-color-converter": "^2.0.0"
      },
      "bin": {
        "badge": "lib/badge-cli.js"
      },
      "engines": {
        "node": ">= 10",
        "npm": ">= 5"
      }
    },
    "node_modules/binary-search": {
      "version": "1.3.6",
      "resolved": "https://registry.npmjs.org/binary-search/-/binary-search-1.3.6.tgz",
      "integrity": "sha512-nbE1WxOTTrUWIfsfZ4aHGYu5DOuNkbxGokjV6Z2kxfJK3uaAb8zNK1muzOeipoLHZjInT4Br88BHpzevc681xA=="
    },
    "node_modules/char-width-table-consumer": {
      "version": "1.0.0",
      "resolved": "https://registry.npmjs.org/char-width-table-consumer/-/char-width-table-consumer-1.0.0.tgz",
      "integrity": "sha512-Fz4UD0LBpxPgL9i29CJ5O4KANwaMnX/OhhbxzvNa332h+9+nRKyeuLw4wA51lt/ex67+/AdsoBQJF3kgX2feYQ==",
      "dependencies": {
        "binary-search": "^1.3.5"
      }
    },
    "node_modules/color-convert": {
      "version": "0.5.3",
      "resolved": "https://registry.npmjs.org/color-convert/-/color-convert-0.5.3.tgz",
      "integrity": "sha512-RwBeO/B/vZR3dfKL1ye/vx8MHZ40ugzpyfeVG5GsiuGnrlMWe2o8wxBbLCpw9CsxV+wHuzYlCiWnybrIA0ling=="
    },
    "node_modules/color-name": {
      "version": "1.1.4",
      "resolved": "https://registry.npmjs.org/color-name/-/color-name-1.1.4.tgz",
      "integrity": "sha512-dOy+3AuW3a2wNbZHIuMZpTcgjGuLU/uBL/ubcZF9OXbDo8ff4O8yVp5Bf0efS8uEoYo5q4Fx7dY9OgQGXgAsQA=="
    },
    "node_modules/css-color-converter": {
      "version": "2.0.0",
      "resolved": "https://registry.npmjs.org/css-color-converter/-/css-color-converter-2.0.0.tgz",
      "integrity": "sha512-oLIG2soZz3wcC3aAl/7Us5RS8Hvvc6I8G8LniF/qfMmrm7fIKQ8RIDDRZeKyGL2SrWfNqYspuLShbnjBMVWm8g==",
      "dependencies": {
        "color-convert": "^0.5.2",
        "color-name": "^1.1.4",
        "css-unit-converter": "^1.1.2"
      }
    },
    "node_modules/css-unit-converter": {
      "version": "1.1.2",
      "resolved": "https://registry.npmjs.org/css-unit-converter/-/css-unit-converter-1.1.2.tgz",
      "integrity": "sha512-IiJwMC8rdZE0+xiEZHeru6YoONC4rfPMqGm2W85jMIbkFvv5nFTwJVFHam2eFrN6txmoUYFAFXiv8ICVeTO0MA=="
    }
  }
}
